
Microsoft Visual Studio Solution File, Format Version 12.00
# Visual Studio Version 17
VisualStudioVersion = 17.14.37516.0 d17.14
MinimumVisualStudioVersion = 10.0.40219.1
Project("{7CF6DF6D-3B04-46F8-A40B-537D21BCA0B4}") = "Xilium.CefGlue", "Xilium.CefGlue.shfbproj", "{1DD76C18-17DB-4B50-B5A1-6A94AFBF7631}"
EndProject
Global
	GlobalSection(SolutionConfigurationPlatforms) = preSolution
		Debug|Any CPU = Debug|Any CPU
		Release|Any CPU = Release|Any CPU
	EndGlobalSection
	GlobalSection(ProjectConfigurationPlatforms) = postSolution
		{1DD76C18-17DB-4B50-B5A1-6A94AFBF7631}.Debug|Any CPU.ActiveCfg = Debug|Any CPU
		{1DD76C18-17DB-4B50-B5A1-6A94AFBF7631}.Debug|Any CPU.Build.0 = Debug|Any CPU
		{1DD76C18-17DB-4B50-B5A1-6A94AFBF7631}.Release|Any CPU.ActiveCfg = Release|Any CPU
		{1DD76C18-17DB-4B50-B5A1-6A94AFBF7631}.Release|Any CPU.Build.0 = Release|Any CPU
	EndGlobalSection
	GlobalSection(SolutionProperties) = preSolution
		HideSolutionNode = FALSE
	EndGlobalSection
	GlobalSection(ExtensibilityGlobals) = postSolution
		SolutionGuid = {39DE5B2E-A781-47C3-8AE1-36AB480CAEB3}
	EndGlobalSection
EndGlobal
